
Microsoft Visual Studio Solution File, Format Version 12.00
# Visual Studio 15
VisualStudioVersion = 15.0.28307.1022
MinimumVisualStudioVersion = 10.0.40219.1
Project("{FAE04EC0-301F-11D3-BF4B-00C04F79EFBC}") = "Formation", "Formation\Formation.csproj", "{A1034657-442C-4780-A3AA-05974E8BE94E}"
EndProject
Global
	GlobalSection(SolutionConfigurationPlatforms) = preSolution
		Debug|Any CPU = Debug|Any CPU
		Release|Any CPU = Release|Any CPU
	EndGlobalSection
	GlobalSection(ProjectConfigurationPlatforms) = postSolution
		{A1034657-442C-4780-A3AA-05974E8BE94E}.Debug|Any CPU.ActiveCfg = Debug|Any CPU
		{A1034657-442C-4780-A3AA-05974E8BE94E}.Debug|Any CPU.Build.0 = Debug|Any CPU
		{A1034657-442C-4780-A3AA-05974E8BE94E}.Release|Any CPU.ActiveCfg = Release|Any CPU
		{A1034657-442C-4780-A3AA-05974E8BE94E}.Release|Any CPU.Build.0 = Release|Any CPU
	EndGlobalSection
	GlobalSection(SolutionProperties) = preSolution
		HideSolutionNode = FALSE
	EndGlobalSection
	GlobalSection(ExtensibilityGlobals) = postSolution
		SolutionGuid = {3872AF39-6C25-42EB-A75B-44E975D4CFC1}
	EndGlobalSection
EndGlobal
